
Microsoft Visual Studio Solution File, Format Version 12.00
# Visual Studio 15
VisualStudioVersion = 15.0.27703.2026
MinimumVisualStudioVersion = 10.0.40219.1
Project("{FAE04EC0-301F-11D3-BF4B-00C04F79EFBC}") = "SstRegistrationTestHarness.Core", "SstRegistrationTestHarness.Core\SstRegistrationTestHarness.Core.csproj", "{2C516A33-C4EF-4E61-8942-98425F175A7E}"
EndProject
Project("{FAE04EC0-301F-11D3-BF4B-00C04F79EFBC}") = "SstRegistrationTestHarness.Core.EntityFramework", "SstRegistrationTestHarness.Core.EntityFramework\SstRegistrationTestHarness.Core.EntityFramework.csproj", "{BB24AB3A-4A43-4E2F-8799-74EF4F0992D3}"
EndProject
Project("{FAE04EC0-301F-11D3-BF4B-00C04F79EFBC}") = "SstRegistrationTestHarness.Core.Test", "SstRegistrationTestHarness.Core.Test\SstRegistrationTestHarness.Core.Test.csproj", "{82B638B5-8DD2-4457-AE18-7CFAD80C0A66}"
EndProject
Project("{FAE04EC0-301F-11D3-BF4B-00C04F79EFBC}") = "SstRegistrationTestHarness.Api", "SstRegistrationTestHarness.Api\SstRegistrationTestHarness.Api.csproj", "{9850FAA1-63C9-4551-ACC8-FE683EACCE20}"
EndProject
Project("{FAE04EC0-301F-11D3-BF4B-00C04F79EFBC}") = "SstRegistrationTestHarness.Api.Test", "SstRegistrationTestHarness.Api.Test\SstRegistrationTestHarness.Api.Test.csproj", "{792E9704-B61B-4F64-B8E5-CD7DAF4E1304}"
EndProject
Global
	GlobalSection(SolutionConfigurationPlatforms) = preSolution
		Debug|Any CPU = Debug|Any CPU
		Release|Any CPU = Release|Any CPU
	EndGlobalSection
	GlobalSection(ProjectConfigurationPlatforms) = postSolution
		{2C516A33-C4EF-4E61-8942-98425F175A7E}.Debug|Any CPU.ActiveCfg = Debug|Any CPU
		{2C516A33-C4EF-4E61-8942-98425F175A7E}.Debug|Any CPU.Build.0 = Debug|Any CPU
		{2C516A33-C4EF-4E61-8942-98425F175A7E}.Release|Any CPU.ActiveCfg = Release|Any CPU
		{2C516A33-C4EF-4E61-8942-98425F175A7E}.Release|Any CPU.Build.0 = Release|Any CPU
		{BB24AB3A-4A43-4E2F-8799-74EF4F0992D3}.Debug|Any CPU.ActiveCfg = Debug|Any CPU
		{BB24AB3A-4A43-4E2F-8799-74EF4F0992D3}.Debug|Any CPU.Build.0 = Debug|Any CPU
		{BB24AB3A-4A43-4E2F-8799-74EF4F0992D3}.Release|Any CPU.ActiveCfg = Release|Any CPU
		{BB24AB3A-4A43-4E2F-8799-74EF4F0992D3}.Release|Any CPU.Build.0 = Release|Any CPU
		{82B638B5-8DD2-4457-AE18-7CFAD80C0A66}.Debug|Any CPU.ActiveCfg = Debug|Any CPU
		{82B638B5-8DD2-4457-AE18-7CFAD80C0A66}.Debug|Any CPU.Build.0 = Debug|Any CPU
		{82B638B5-8DD2-4457-AE18-7CFAD80C0A66}.Release|Any CPU.ActiveCfg = Release|Any CPU
		{82B638B5-8DD2-4457-AE18-7CFAD80C0A66}.Release|Any CPU.Build.0 = Release|Any CPU
		{9850FAA1-63C9-4551-ACC8-FE683EACCE20}.Debug|Any CPU.ActiveCfg = Debug|Any CPU
		{9850FAA1-63C9-4551-ACC8-FE683EACCE20}.Debug|Any CPU.Build.0 = Debug|Any CPU
		{9850FAA1-63C9-4551-ACC8-FE683EACCE20}.Release|Any CPU.ActiveCfg = Release|Any CPU
		{9850FAA1-63C9-4551-ACC8-FE683EACCE20}.Release|Any CPU.Build.0 = Release|Any CPU
		{792E9704-B61B-4F64-B8E5-CD7DAF4E1304}.Debug|Any CPU.ActiveCfg = Debug|Any CPU
		{792E9704-B61B-4F64-B8E5-CD7DAF4E1304}.Debug|Any CPU.Build.0 = Debug|Any CPU
		{792E9704-B61B-4F64-B8E5-CD7DAF4E1304}.Release|Any CPU.ActiveCfg = Release|Any CPU
		{792E9704-B61B-4F64-B8E5-CD7DAF4E1304}.Release|Any CPU.Build.0 = Release|Any CPU
	EndGlobalSection
	GlobalSection(SolutionProperties) = preSolution
		HideSolutionNode = FALSE
	EndGlobalSection
	GlobalSection(ExtensibilityGlobals) = postSolution
		SolutionGuid = {458ACBC2-E1DF-47D6-AF15-EAD5B2759565}
	EndGlobalSection
EndGlobal
